<?xml version="1.0" encoding="utf-8"?>
<Project ToolsVersion="4.0" xmlns="http://schemas.microsoft.com/developer/msbuild/2003">
  <ItemGroup>
    <Filter Include="Source Files">
      <UniqueIdentifier>{4FC737F1-C7A5-4376-A066-2A32D752A2FF}</UniqueIdentifier>
      <Extensions>cpp;c;cc;cxx;c++;cppm;ixx;def;odl;idl;hpj;bat;asm;asmx</Extensions>
    </Filter>
    <Filter Include="Header Files">
      <UniqueIdentifier>{93995380-89BD-4b04-88EB-625FBE52EBFB}</UniqueIdentifier>
      <Extensions>h;hh;hpp;hxx;h++;hm;inl;inc;ipp;xsd</Extensions>
    </Filter>
    <Filter Include="Resource Files">
      <UniqueIdentifier>{67DA6AB6-F800-4c08-8B7A-83BB121AAD01}</UniqueIdentifier>
      <Extensions>rc;ico;cur;bmp;dlg;rc2;rct;bin;rgs;gif;jpg;jpeg;jpe;resx;tiff;tif;png;wav;mfcribbon-ms</Extensions>
    </Filter>
  </ItemGroup>
  <ItemGroup>
    <ClInclude Include="typename-array-primitives\base.hpp">
      <Filter>Header Files</Filter>
    </ClInclude>
    <ClInclude Include="typename-array-primitives\erase.hpp">
      <Filter>Header Files</Filter>
    </ClInclude>
    <ClInclude Include="typename-array-primitives\insert.hpp">
      <Filter>Header Files</Filter>
    </ClInclude>
    <ClInclude Include="typename-array-primitives\left-to-right.hpp">
      <Filter>Header Files</Filter>
    </ClInclude>
    <ClInclude Include="typename-array-primitives\get.hpp">
      <Filter>Header Files</Filter>
    </ClInclude>
    <ClInclude Include="typename-array-primitives\replace.hpp">
      <Filter>Header Files</Filter>
    </ClInclude>
    <ClInclude Include="typename-array-primitives\find.hpp">
      <Filter>Header Files</Filter>
    </ClInclude>
    <ClInclude Include="typename-array-primitives\find-priority.hpp">
      <Filter>Header Files</Filter>
    </ClInclude>
    <ClInclude Include="typename-array-primitives\find-one-of.hpp">
      <Filter>Header Files</Filter>
    </ClInclude>
    <ClInclude Include="typename-array-primitives\find-if.hpp">
      <Filter>Header Files</Filter>
    </ClInclude>
    <ClInclude Include="typename-array-primitives\unique-add.hpp">
      <Filter>Header Files</Filter>
    </ClInclude>
    <ClInclude Include="typename-array-primitives\typename-binder.hpp">
      <Filter>Header Files</Filter>
    </ClInclude>
    <ClInclude Include="typename-array-primitives\cut.hpp">
      <Filter>Header Files</Filter>
    </ClInclude>
    <ClInclude Include="typename-array-primitives\replace-part.hpp">
      <Filter>Header Files</Filter>
    </ClInclude>
    <ClInclude Include="typename-array-primitives\sort.hpp">
      <Filter>Header Files</Filter>
    </ClInclude>
    <ClInclude Include="typename-array-primitives\static-pow.hpp">
      <Filter>Header Files</Filter>
    </ClInclude>
    <ClInclude Include="typename-array-primitives\value-wrapper.hpp">
      <Filter>Header Files</Filter>
    </ClInclude>
    <ClInclude Include="typename-array-primitives\symbols-to-int.hpp">
      <Filter>Header Files</Filter>
    </ClInclude>
    <ClInclude Include="typename-array-primitives\int-to-symbols.hpp">
      <Filter>Header Files</Filter>
    </ClInclude>
    <ClInclude Include="typename-array-primitives\count.hpp">
      <Filter>Header Files</Filter>
    </ClInclude>
    <ClInclude Include="typename-array-primitives\find-n-appearance.hpp">
      <Filter>Header Files</Filter>
    </ClInclude>
    <ClInclude Include="typename-array-primitives\static-calculator.hpp">
      <Filter>Header Files</Filter>
    </ClInclude>
    <ClInclude Include="typename-array-primitives\apply.hpp">
      <Filter>Header Files</Filter>
    </ClInclude>
    <ClInclude Include="typename-array-primitives\sum.hpp">
      <Filter>Header Files</Filter>
    </ClInclude>
    <ClInclude Include="typename-array-primitives\check-for-allowed-types.hpp">
      <Filter>Header Files</Filter>
    </ClInclude>
    <ClInclude Include="typename-array-primitives\include-all-namespace.hpp">
      <Filter>Header Files</Filter>
    </ClInclude>
  </ItemGroup>
  <ItemGroup>
    <ClCompile Include="main.cpp">
      <Filter>Source Files</Filter>
    </ClCompile>
    <ClCompile Include="test-files\apply-tests.cpp">
      <Filter>Source Files</Filter>
    </ClCompile>
    <ClCompile Include="test-files\base-tests.cpp">
      <Filter>Source Files</Filter>
    </ClCompile>
    <ClCompile Include="test-files\check-for-allowed-types-tests.cpp">
      <Filter>Source Files</Filter>
    </ClCompile>
    <ClCompile Include="test-files\find-tests.cpp">
      <Filter>Source Files</Filter>
    </ClCompile>
    <ClCompile Include="test-files\count-tests.cpp">
      <Filter>Source Files</Filter>
    </ClCompile>
    <ClCompile Include="test-files\cut-tests.cpp">
      <Filter>Source Files</Filter>
    </ClCompile>
    <ClCompile Include="test-files\erase-tests.cpp">
      <Filter>Source Files</Filter>
    </ClCompile>
    <ClCompile Include="test-files\find-if-tests.cpp">
      <Filter>Source Files</Filter>
    </ClCompile>
    <ClCompile Include="test-files\find-n-appearance-tests.cpp">
      <Filter>Source Files</Filter>
    </ClCompile>
    <ClCompile Include="test-files\find-one-of-tests.cpp">
      <Filter>Source Files</Filter>
    </ClCompile>
    <ClCompile Include="test-files\find-priority-tests.cpp">
      <Filter>Source Files</Filter>
    </ClCompile>
    <ClCompile Include="test-files\get-tests.cpp">
      <Filter>Source Files</Filter>
    </ClCompile>
    <ClCompile Include="test-files\insert-tests.cpp">
      <Filter>Source Files</Filter>
    </ClCompile>
  </ItemGroup>
</Project>